
Microsoft Visual Studio Solution File, Format Version 12.00
# Visual Studio 15
VisualStudioVersion = 15.0.27428.2015
MinimumVisualStudioVersion = 10.0.40219.1
Project("{888888A0-9F3D-457C-B088-3A5042F75D52}") = "to do list ___ 2018-03-30", "to do list ___ 2018-03-30.pyproj", "{C15CE5C3-36BC-42DA-94DC-B7642A6F3B20}"
EndProject
Global
	GlobalSection(SolutionConfigurationPlatforms) = preSolution
		Debug|Any CPU = Debug|Any CPU
		Release|Any CPU = Release|Any CPU
	EndGlobalSection
	GlobalSection(ProjectConfigurationPlatforms) = postSolution
		{C15CE5C3-36BC-42DA-94DC-B7642A6F3B20}.Debug|Any CPU.ActiveCfg = Debug|Any CPU
		{C15CE5C3-36BC-42DA-94DC-B7642A6F3B20}.Release|Any CPU.ActiveCfg = Release|Any CPU
	EndGlobalSection
	GlobalSection(SolutionProperties) = preSolution
		HideSolutionNode = FALSE
	EndGlobalSection
	GlobalSection(ExtensibilityGlobals) = postSolution
		SolutionGuid = {C7356E26-B7C8-483C-A7E4-09F0EFFE8B9A}
	EndGlobalSection
EndGlobal
